
Microsoft Visual Studio Solution File, Format Version 12.00
# Visual Studio 15
VisualStudioVersion = 15.0.26430.6
MinimumVisualStudioVersion = 10.0.40219.1
Project("{FAE04EC0-301F-11D3-BF4B-00C04F79EFBC}") = "VsTestRunner", "VsTestRunner\VsTestRunner.csproj", "{9874CC6D-CDE2-41C8-9E58-766EC0DF26AA}"
EndProject
Project("{FAE04EC0-301F-11D3-BF4B-00C04F79EFBC}") = "Vstack.Common", "..\..\vintage-software\vstack\Vstack.Common\Vstack.Common.csproj", "{029ECBE3-6E0E-498E-80A7-BAD385891C91}"
EndProject
Project("{2150E333-8FDC-42A3-9474-1A3956D46DE8}") = "Solution Items", "Solution Items", "{2E4BABCB-562F-444F-8CA6-B502279E1B25}"
	ProjectSection(SolutionItems) = preProject
		.gitignore = .gitignore
		package.json = package.json
	EndProjectSection
EndProject
Global
	GlobalSection(SolutionConfigurationPlatforms) = preSolution
		Debug|Any CPU = Debug|Any CPU
		Debug|x64 = Debug|x64
		Release|Any CPU = Release|Any CPU
		Release|x64 = Release|x64
	EndGlobalSection
	GlobalSection(ProjectConfigurationPlatforms) = postSolution
		{9874CC6D-CDE2-41C8-9E58-766EC0DF26AA}.Debug|Any CPU.ActiveCfg = Debug|Any CPU
		{9874CC6D-CDE2-41C8-9E58-766EC0DF26AA}.Debug|Any CPU.Build.0 = Debug|Any CPU
		{9874CC6D-CDE2-41C8-9E58-766EC0DF26AA}.Debug|x64.ActiveCfg = Debug|x64
		{9874CC6D-CDE2-41C8-9E58-766EC0DF26AA}.Debug|x64.Build.0 = Debug|x64
		{9874CC6D-CDE2-41C8-9E58-766EC0DF26AA}.Release|Any CPU.ActiveCfg = Release|Any CPU
		{9874CC6D-CDE2-41C8-9E58-766EC0DF26AA}.Release|Any CPU.Build.0 = Release|Any CPU
		{9874CC6D-CDE2-41C8-9E58-766EC0DF26AA}.Release|x64.ActiveCfg = Release|x64
		{9874CC6D-CDE2-41C8-9E58-766EC0DF26AA}.Release|x64.Build.0 = Release|x64
		{029ECBE3-6E0E-498E-80A7-BAD385891C91}.Debug|Any CPU.ActiveCfg = Debug|Any CPU
		{029ECBE3-6E0E-498E-80A7-BAD385891C91}.Debug|Any CPU.Build.0 = Debug|Any CPU
		{029ECBE3-6E0E-498E-80A7-BAD385891C91}.Debug|x64.ActiveCfg = Debug|Any CPU
		{029ECBE3-6E0E-498E-80A7-BAD385891C91}.Debug|x64.Build.0 = Debug|Any CPU
		{029ECBE3-6E0E-498E-80A7-BAD385891C91}.Release|Any CPU.ActiveCfg = Release|Any CPU
		{029ECBE3-6E0E-498E-80A7-BAD385891C91}.Release|Any CPU.Build.0 = Release|Any CPU
		{029ECBE3-6E0E-498E-80A7-BAD385891C91}.Release|x64.ActiveCfg = Release|Any CPU
		{029ECBE3-6E0E-498E-80A7-BAD385891C91}.Release|x64.Build.0 = Release|Any CPU
	EndGlobalSection
	GlobalSection(SolutionProperties) = preSolution
		HideSolutionNode = FALSE
	EndGlobalSection
EndGlobal
